
Microsoft Visual Studio Solution File, Format Version 12.00
# Visual Studio Version 17
VisualStudioVersion = 17.2.32526.322
MinimumVisualStudioVersion = 10.0.40219.1
Project("{9A19103F-16F7-4668-BE54-9A1E7A4F7556}") = "CSharpAndDotNetFeatures", "CSharpAndDotNetFeatures\CSharpAndDotNetFeatures.csproj", "{50EBA265-B68E-4A1A-BA8D-9F2228F54972}"
EndProject
Global
	GlobalSection(SolutionConfigurationPlatforms) = preSolution
		Debug|Any CPU = Debug|Any CPU
		Release|Any CPU = Release|Any CPU
	EndGlobalSection
	GlobalSection(ProjectConfigurationPlatforms) = postSolution
		{50EBA265-B68E-4A1A-BA8D-9F2228F54972}.Debug|Any CPU.ActiveCfg = Debug|Any CPU
		{50EBA265-B68E-4A1A-BA8D-9F2228F54972}.Debug|Any CPU.Build.0 = Debug|Any CPU
		{50EBA265-B68E-4A1A-BA8D-9F2228F54972}.Release|Any CPU.ActiveCfg = Release|Any CPU
		{50EBA265-B68E-4A1A-BA8D-9F2228F54972}.Release|Any CPU.Build.0 = Release|Any CPU
	EndGlobalSection
	GlobalSection(SolutionProperties) = preSolution
		HideSolutionNode = FALSE
	EndGlobalSection
	GlobalSection(ExtensibilityGlobals) = postSolution
		SolutionGuid = {16A137C0-457F-4C55-A5F2-83E5CB79D5FF}
	EndGlobalSection
EndGlobal
